<?xml version="1.0" encoding="utf-8"?>
<Project ToolsVersion="4.0" xmlns="http://schemas.microsoft.com/developer/msbuild/2003">
  <ItemGroup>
    <Filter Include="Source Files">
      <UniqueIdentifier>{4FC737F1-C7A5-4376-A066-2A32D752A2FF}</UniqueIdentifier>
      <Extensions>cpp;c;cc;cxx;def;odl;idl;hpj;bat;asm;asmx</Extensions>
    </Filter>
    <Filter Include="Header Files">
      <UniqueIdentifier>{93995380-89BD-4b04-88EB-625FBE52EBFB}</UniqueIdentifier>
      <Extensions>h;hh;hpp;hxx;hm;inl;inc;xsd</Extensions>
    </Filter>
    <Filter Include="ImGui">
      <UniqueIdentifier>{600dd129-cf16-4154-8598-149f4c903fd4}</UniqueIdentifier>
    </Filter>
    <Filter Include="Components">
      <UniqueIdentifier>{4841fa8b-53e8-4d43-8197-00d2f49d340b}</UniqueIdentifier>
    </Filter>
    <Filter Include="Collision">
      <UniqueIdentifier>{efc4dc99-9df0-406b-b894-8fa44744e386}</UniqueIdentifier>
    </Filter>
    <Filter Include="Audio">
      <UniqueIdentifier>{97b800dd-ee08-4f38-ab58-8fc79680fb79}</UniqueIdentifier>
    </Filter>
  </ItemGroup>
  <ItemGroup>
    <ClInclude Include="MiniginPCH.h">
      <Filter>Header Files</Filter>
    </ClInclude>
    <ClInclude Include="Singleton.h">
      <Filter>Header Files</Filter>
    </ClInclude>
    <ClInclude Include="ResourceManager.h">
      <Filter>Header Files</Filter>
    </ClInclude>
    <ClInclude Include="Renderer.h">
      <Filter>Header Files</Filter>
    </ClInclude>
    <ClInclude Include="InputManager.h">
      <Filter>Header Files</Filter>
    </ClInclude>
    <ClInclude Include="GameObject.h">
      <Filter>Header Files</Filter>
    </ClInclude>
    <ClInclude Include="Transform.h">
      <Filter>Header Files</Filter>
    </ClInclude>
    <ClInclude Include="Scene.h">
      <Filter>Header Files</Filter>
    </ClInclude>
    <ClInclude Include="SceneManager.h">
      <Filter>Header Files</Filter>
    </ClInclude>
    <ClInclude Include="SceneObject.h">
      <Filter>Header Files</Filter>
    </ClInclude>
    <ClInclude Include="Font.h">
      <Filter>Header Files</Filter>
    </ClInclude>
    <ClInclude Include="Minigin.h">
      <Filter>Header Files</Filter>
    </ClInclude>
    <ClInclude Include="..\3rdParty\imgui-master\imconfig.h">
      <Filter>ImGui</Filter>
    </ClInclude>
    <ClInclude Include="..\3rdParty\imgui-master\imgui.h">
      <Filter>ImGui</Filter>
    </ClInclude>
    <ClInclude Include="..\3rdParty\imgui-master\imgui_internal.h">
      <Filter>ImGui</Filter>
    </ClInclude>
    <ClInclude Include="..\3rdParty\imgui-master\imgui_plot.h">
      <Filter>ImGui</Filter>
    </ClInclude>
    <ClInclude Include="..\3rdParty\imgui-master\imstb_rectpack.h">
      <Filter>ImGui</Filter>
    </ClInclude>
    <ClInclude Include="..\3rdParty\imgui-master\imstb_textedit.h">
      <Filter>ImGui</Filter>
    </ClInclude>
    <ClInclude Include="..\3rdParty\imgui-master\imstb_truetype.h">
      <Filter>ImGui</Filter>
    </ClInclude>
    <ClInclude Include="..\3rdParty\imgui-master\backends\imgui_impl_opengl2.h">
      <Filter>ImGui</Filter>
    </ClInclude>
    <ClInclude Include="..\3rdParty\imgui-master\backends\imgui_impl_sdl.h">
      <Filter>ImGui</Filter>
    </ClInclude>
    <ClInclude Include="Timer.h">
      <Filter>Header Files</Filter>
    </ClInclude>
    <ClInclude Include="Command.h">
      <Filter>Header Files</Filter>
    </ClInclude>
    <ClInclude Include="BaseComp.h">
      <Filter>Components</Filter>
    </ClInclude>
    <ClInclude Include="TextureComp.h">
      <Filter>Components</Filter>
    </ClInclude>
    <ClInclude Include="Texture2D.h">
      <Filter>Header Files</Filter>
    </ClInclude>
    <ClInclude Include="TextComp.h">
      <Filter>Components</Filter>
    </ClInclude>
    <ClInclude Include="ControllerInput.h">
      <Filter>Header Files</Filter>
    </ClInclude>
  </ItemGroup>
  <ItemGroup>
    <ClCompile Include="MiniginPCH.cpp">
      <Filter>Source Files</Filter>
    </ClCompile>
    <ClCompile Include="ResourceManager.cpp">
      <Filter>Source Files</Filter>
    </ClCompile>
    <ClCompile Include="Renderer.cpp">
      <Filter>Source Files</Filter>
    </ClCompile>
    <ClCompile Include="Texture2D.cpp">
      <Filter>Source Files</Filter>
    </ClCompile>
    <ClCompile Include="InputManager.cpp">
      <Filter>Source Files</Filter>
    </ClCompile>
    <ClCompile Include="GameObject.cpp">
      <Filter>Source Files</Filter>
    </ClCompile>
    <ClCompile Include="Transform.cpp">
      <Filter>Source Files</Filter>
    </ClCompile>
    <ClCompile Include="Scene.cpp">
      <Filter>Source Files</Filter>
    </ClCompile>
    <ClCompile Include="SceneManager.cpp">
      <Filter>Source Files</Filter>
    </ClCompile>
    <ClCompile Include="Font.cpp">
      <Filter>Source Files</Filter>
    </ClCompile>
    <ClCompile Include="Main.cpp">
      <Filter>Source Files</Filter>
    </ClCompile>
    <ClCompile Include="Minigin.cpp">
      <Filter>Source Files</Filter>
    </ClCompile>
    <ClCompile Include="..\3rdParty\imgui-master\imgui.cpp">
      <Filter>ImGui</Filter>
    </ClCompile>
    <ClCompile Include="..\3rdParty\imgui-master\imgui_demo.cpp">
      <Filter>ImGui</Filter>
    </ClCompile>
    <ClCompile Include="..\3rdParty\imgui-master\imgui_draw.cpp">
      <Filter>ImGui</Filter>
    </ClCompile>
    <ClCompile Include="..\3rdParty\imgui-master\imgui_plot.cpp">
      <Filter>ImGui</Filter>
    </ClCompile>
    <ClCompile Include="..\3rdParty\imgui-master\imgui_tables.cpp">
      <Filter>ImGui</Filter>
    </ClCompile>
    <ClCompile Include="..\3rdParty\imgui-master\imgui_widgets.cpp">
      <Filter>ImGui</Filter>
    </ClCompile>
    <ClCompile Include="..\3rdParty\imgui-master\backends\imgui_impl_opengl2.cpp">
      <Filter>ImGui</Filter>
    </ClCompile>
    <ClCompile Include="..\3rdParty\imgui-master\backends\imgui_impl_sdl.cpp">
      <Filter>ImGui</Filter>
    </ClCompile>
    <ClCompile Include="Timer.cpp">
      <Filter>Source Files</Filter>
    </ClCompile>
    <ClCompile Include="Command.cpp">
      <Filter>Source Files</Filter>
    </ClCompile>
    <ClCompile Include="BaseComp.cpp">
      <Filter>Components</Filter>
    </ClCompile>
    <ClCompile Include="TextureComp.cpp">
      <Filter>Components</Filter>
    </ClCompile>
    <ClCompile Include="TextComp.cpp">
      <Filter>Components</Filter>
    </ClCompile>
    <ClCompile Include="ControllerInput.cpp">
      <Filter>Source Files</Filter>
    </ClCompile>
  </ItemGroup>
</Project>